
Microsoft Visual Studio Solution File, Format Version 12.00
# Visual Studio Version 17
VisualStudioVersion = 17.7.34009.444
MinimumVisualStudioVersion = 10.0.40219.1
Project("{FAE04EC0-301F-11D3-BF4B-00C04F79EFBC}") = "RentAWreck", "RentAWreck.csproj", "{A937A1C8-AE89-4B15-9B2C-5CC85584865F}"
EndProject
Global
	GlobalSection(SolutionConfigurationPlatforms) = preSolution
		Debug|Any CPU = Debug|Any CPU
		Release|Any CPU = Release|Any CPU
	EndGlobalSection
	GlobalSection(ProjectConfigurationPlatforms) = postSolution
		{A937A1C8-AE89-4B15-9B2C-5CC85584865F}.Debug|Any CPU.ActiveCfg = Debug|Any CPU
		{A937A1C8-AE89-4B15-9B2C-5CC85584865F}.Debug|Any CPU.Build.0 = Debug|Any CPU
		{A937A1C8-AE89-4B15-9B2C-5CC85584865F}.Release|Any CPU.ActiveCfg = Release|Any CPU
		{A937A1C8-AE89-4B15-9B2C-5CC85584865F}.Release|Any CPU.Build.0 = Release|Any CPU
	EndGlobalSection
	GlobalSection(SolutionProperties) = preSolution
		HideSolutionNode = FALSE
	EndGlobalSection
	GlobalSection(ExtensibilityGlobals) = postSolution
		SolutionGuid = {A76F44C2-3327-4240-972D-83A0001AB074}
	EndGlobalSection
EndGlobal
